
Microsoft Visual Studio Solution File, Format Version 12.00
# Visual Studio Version 17
VisualStudioVersion = 17.0.32014.148
MinimumVisualStudioVersion = 10.0.40219.1
Project("{9A19103F-16F7-4668-BE54-9A1E7A4F7556}") = "NC75", "NC75\NC75.csproj", "{A98AEBF3-D4B0-4F6A-9869-426445B7A441}"
EndProject
Project("{9A19103F-16F7-4668-BE54-9A1E7A4F7556}") = "NC103", "NC103\NC103.csproj", "{E2BDFFD9-B9FC-4E9F-A508-4C40C60B60AA}"
EndProject
Project("{9A19103F-16F7-4668-BE54-9A1E7A4F7556}") = "NC65", "NC65\NC65.csproj", "{3EDDF405-3B7F-4B0C-8F1E-17F94E09661E}"
EndProject
Project("{9A19103F-16F7-4668-BE54-9A1E7A4F7556}") = "NC141", "NC141\NC141.csproj", "{7AB6D9FF-0F1D-4EE3-AF1A-4667FB0B1907}"
EndProject
Project("{9A19103F-16F7-4668-BE54-9A1E7A4F7556}") = "NC38", "NC38\NC38.csproj", "{03BAC832-D187-4C60-B630-359BA8B8416C}"
EndProject
Project("{9A19103F-16F7-4668-BE54-9A1E7A4F7556}") = "NC151", "NC151\NC151.csproj", "{729C0321-EC78-4BDD-AA8D-8F95DE9D7BC3}"
EndProject
Project("{9A19103F-16F7-4668-BE54-9A1E7A4F7556}") = "NC78", "NC78\NC78.csproj", "{FE9B483A-9C72-4E85-9530-8FD54DF29103}"
EndProject
Project("{9A19103F-16F7-4668-BE54-9A1E7A4F7556}") = "NC22", "NC22\NC22.csproj", "{B36BF0FC-F735-4D5B-A6E7-69D9D16360E1}"
EndProject
Project("{9A19103F-16F7-4668-BE54-9A1E7A4F7556}") = "NC1", "NC1\NC1.csproj", "{3885C3F2-5CE3-4792-BF94-25A95F9FE00D}"
EndProject
Project("{9A19103F-16F7-4668-BE54-9A1E7A4F7556}") = "NC298", "NC298\NC298.csproj", "{8313F461-8153-4D36-AD21-C9BEA3615D5B}"
EndProject
Project("{9A19103F-16F7-4668-BE54-9A1E7A4F7556}") = "NC288", "NC288\NC288.csproj", "{9B7A1972-7EA9-4875-99E5-2FE3C45E13AB}"
EndProject
Project("{9A19103F-16F7-4668-BE54-9A1E7A4F7556}") = "NC32", "NC32\NC32.csproj", "{6A2C21B3-8C14-4933-9173-773C0046DA49}"
EndProject
Project("{9A19103F-16F7-4668-BE54-9A1E7A4F7556}") = "NC200", "NC200\NC200.csproj", "{CFE42950-3D34-402F-A3D3-1CD36A991819}"
EndProject
Project("{9A19103F-16F7-4668-BE54-9A1E7A4F7556}") = "NC305", "NC305\NC305.csproj", "{2BD2166F-C912-4E37-9BC4-09E6FB1E1EC2}"
EndProject
Project("{9A19103F-16F7-4668-BE54-9A1E7A4F7556}") = "NC229", "NC229\NC229.csproj", "{8E30BC71-B288-4B31-BD3E-155588E0FD18}"
EndProject
Project("{9A19103F-16F7-4668-BE54-9A1E7A4F7556}") = "NC76", "NC76\NC76.csproj", "{B07F162B-11A9-4444-B361-27C88492E5CC}"
EndProject
Project("{9A19103F-16F7-4668-BE54-9A1E7A4F7556}") = "NC89", "NC89\NC89.csproj", "{57F1EC39-8C6B-400A-8789-B94387C9C87D}"
EndProject
Project("{9A19103F-16F7-4668-BE54-9A1E7A4F7556}") = "NC286", "NC286\NC286.csproj", "{09025B7D-1604-4747-A9DD-24CFF927788F}"
EndProject
Project("{9A19103F-16F7-4668-BE54-9A1E7A4F7556}") = "NC33", "NC33\NC33.csproj", "{285570E3-8FE5-494E-AD2D-BC14461A7E70}"
EndProject
Project("{9A19103F-16F7-4668-BE54-9A1E7A4F7556}") = "NC144", "NC144\NC144.csproj", "{E5717061-42A7-4CF1-9517-6F91F7F1329D}"
EndProject
Project("{9A19103F-16F7-4668-BE54-9A1E7A4F7556}") = "NC120", "NC120\NC120.csproj", "{6D42AFB3-5A8F-4D8C-A8C5-1B7594488159}"
EndProject
Project("{9A19103F-16F7-4668-BE54-9A1E7A4F7556}") = "NC335", "NC335\NC335.csproj", "{F081B8AA-B47B-4351-9720-B1C8A3FC172E}"
EndProject
Project("{9A19103F-16F7-4668-BE54-9A1E7A4F7556}") = "NC160", "NC160\NC160.csproj", "{E9C0C4B4-0CA3-48A9-988F-EB35E857220A}"
EndProject
Project("{9A19103F-16F7-4668-BE54-9A1E7A4F7556}") = "NC74", "NC74\NC74.csproj", "{7BA1DA9A-0645-4AAA-8FE6-E1B3AD40B574}"
EndProject
Project("{9A19103F-16F7-4668-BE54-9A1E7A4F7556}") = "NC365", "NC365\NC365.csproj", "{C548B3B1-0F0B-4267-BE8D-E761B7CAAB8B}"
EndProject
Project("{9A19103F-16F7-4668-BE54-9A1E7A4F7556}") = "NC289", "NC289\NC289.csproj", "{4FA6F9A6-135E-437D-B852-12EB60DC7BEA}"
EndProject
Project("{9A19103F-16F7-4668-BE54-9A1E7A4F7556}") = "NC265", "NC265\NC265.csproj", "{DADECBB1-5D94-4286-A3D3-4242446E817B}"
EndProject
Project("{9A19103F-16F7-4668-BE54-9A1E7A4F7556}") = "NC322", "NC322\NC322.csproj", "{39C1574E-C424-48DA-823F-12D4E3319DCA}"
EndProject
Project("{9A19103F-16F7-4668-BE54-9A1E7A4F7556}") = "NC69", "NC69\NC69.csproj", "{254936AF-3780-42BE-B1C2-EECCAB1F995A}"
EndProject
Project("{9A19103F-16F7-4668-BE54-9A1E7A4F7556}") = "NC25", "NC25\NC25.csproj", "{519BEBD3-366E-4386-A037-C041821884D9}"
EndProject
Project("{9A19103F-16F7-4668-BE54-9A1E7A4F7556}") = "NC293", "NC293\NC293.csproj", "{C43CA737-D220-419F-B842-4A9C74E9577D}"
EndProject
Project("{FAE04EC0-301F-11D3-BF4B-00C04F79EFBC}") = "NC4", "NC4\NC4.csproj", "{8116978F-B185-417A-9CFA-037FC1DEC810}"
EndProject
Project("{FAE04EC0-301F-11D3-BF4B-00C04F79EFBC}") = "NC66", "NC66\NC66.csproj", "{91D632EC-3CDF-4083-AF14-372D0031FDFD}"
EndProject
Global
	GlobalSection(SolutionConfigurationPlatforms) = preSolution
		Debug|Any CPU = Debug|Any CPU
		Release|Any CPU = Release|Any CPU
	EndGlobalSection
	GlobalSection(ProjectConfigurationPlatforms) = postSolution
		{A98AEBF3-D4B0-4F6A-9869-426445B7A441}.Debug|Any CPU.ActiveCfg = Debug|Any CPU
		{A98AEBF3-D4B0-4F6A-9869-426445B7A441}.Debug|Any CPU.Build.0 = Debug|Any CPU
		{A98AEBF3-D4B0-4F6A-9869-426445B7A441}.Release|Any CPU.ActiveCfg = Release|Any CPU
		{A98AEBF3-D4B0-4F6A-9869-426445B7A441}.Release|Any CPU.Build.0 = Release|Any CPU
		{E2BDFFD9-B9FC-4E9F-A508-4C40C60B60AA}.Debug|Any CPU.ActiveCfg = Debug|Any CPU
		{E2BDFFD9-B9FC-4E9F-A508-4C40C60B60AA}.Debug|Any CPU.Build.0 = Debug|Any CPU
		{E2BDFFD9-B9FC-4E9F-A508-4C40C60B60AA}.Release|Any CPU.ActiveCfg = Release|Any CPU
		{E2BDFFD9-B9FC-4E9F-A508-4C40C60B60AA}.Release|Any CPU.Build.0 = Release|Any CPU
		{3EDDF405-3B7F-4B0C-8F1E-17F94E09661E}.Debug|Any CPU.ActiveCfg = Debug|Any CPU
		{3EDDF405-3B7F-4B0C-8F1E-17F94E09661E}.Debug|Any CPU.Build.0 = Debug|Any CPU
		{3EDDF405-3B7F-4B0C-8F1E-17F94E09661E}.Release|Any CPU.ActiveCfg = Release|Any CPU
		{3EDDF405-3B7F-4B0C-8F1E-17F94E09661E}.Release|Any CPU.Build.0 = Release|Any CPU
		{7AB6D9FF-0F1D-4EE3-AF1A-4667FB0B1907}.Debug|Any CPU.ActiveCfg = Debug|Any CPU
		{7AB6D9FF-0F1D-4EE3-AF1A-4667FB0B1907}.Debug|Any CPU.Build.0 = Debug|Any CPU
		{7AB6D9FF-0F1D-4EE3-AF1A-4667FB0B1907}.Release|Any CPU.ActiveCfg = Release|Any CPU
		{7AB6D9FF-0F1D-4EE3-AF1A-4667FB0B1907}.Release|Any CPU.Build.0 = Release|Any CPU
		{03BAC832-D187-4C60-B630-359BA8B8416C}.Debug|Any CPU.ActiveCfg = Debug|Any CPU
		{03BAC832-D187-4C60-B630-359BA8B8416C}.Debug|Any CPU.Build.0 = Debug|Any CPU
		{03BAC832-D187-4C60-B630-359BA8B8416C}.Release|Any CPU.ActiveCfg = Release|Any CPU
		{03BAC832-D187-4C60-B630-359BA8B8416C}.Release|Any CPU.Build.0 = Release|Any CPU
		{729C0321-EC78-4BDD-AA8D-8F95DE9D7BC3}.Debug|Any CPU.ActiveCfg = Debug|Any CPU
		{729C0321-EC78-4BDD-AA8D-8F95DE9D7BC3}.Debug|Any CPU.Build.0 = Debug|Any CPU
		{729C0321-EC78-4BDD-AA8D-8F95DE9D7BC3}.Release|Any CPU.ActiveCfg = Release|Any CPU
		{729C0321-EC78-4BDD-AA8D-8F95DE9D7BC3}.Release|Any CPU.Build.0 = Release|Any CPU
		{FE9B483A-9C72-4E85-9530-8FD54DF29103}.Debug|Any CPU.ActiveCfg = Debug|Any CPU
		{FE9B483A-9C72-4E85-9530-8FD54DF29103}.Debug|Any CPU.Build.0 = Debug|Any CPU
		{FE9B483A-9C72-4E85-9530-8FD54DF29103}.Release|Any CPU.ActiveCfg = Release|Any CPU
		{FE9B483A-9C72-4E85-9530-8FD54DF29103}.Release|Any CPU.Build.0 = Release|Any CPU
		{B36BF0FC-F735-4D5B-A6E7-69D9D16360E1}.Debug|Any CPU.ActiveCfg = Debug|Any CPU
		{B36BF0FC-F735-4D5B-A6E7-69D9D16360E1}.Debug|Any CPU.Build.0 = Debug|Any CPU
		{B36BF0FC-F735-4D5B-A6E7-69D9D16360E1}.Release|Any CPU.ActiveCfg = Release|Any CPU
		{B36BF0FC-F735-4D5B-A6E7-69D9D16360E1}.Release|Any CPU.Build.0 = Release|Any CPU
		{3885C3F2-5CE3-4792-BF94-25A95F9FE00D}.Debug|Any CPU.ActiveCfg = Debug|Any CPU
		{3885C3F2-5CE3-4792-BF94-25A95F9FE00D}.Debug|Any CPU.Build.0 = Debug|Any CPU
		{3885C3F2-5CE3-4792-BF94-25A95F9FE00D}.Release|Any CPU.ActiveCfg = Release|Any CPU
		{3885C3F2-5CE3-4792-BF94-25A95F9FE00D}.Release|Any CPU.Build.0 = Release|Any CPU
		{8313F461-8153-4D36-AD21-C9BEA3615D5B}.Debug|Any CPU.ActiveCfg = Debug|Any CPU
		{8313F461-8153-4D36-AD21-C9BEA3615D5B}.Debug|Any CPU.Build.0 = Debug|Any CPU
		{8313F461-8153-4D36-AD21-C9BEA3615D5B}.Release|Any CPU.ActiveCfg = Release|Any CPU
		{8313F461-8153-4D36-AD21-C9BEA3615D5B}.Release|Any CPU.Build.0 = Release|Any CPU
		{9B7A1972-7EA9-4875-99E5-2FE3C45E13AB}.Debug|Any CPU.ActiveCfg = Debug|Any CPU
		{9B7A1972-7EA9-4875-99E5-2FE3C45E13AB}.Debug|Any CPU.Build.0 = Debug|Any CPU
		{9B7A1972-7EA9-4875-99E5-2FE3C45E13AB}.Release|Any CPU.ActiveCfg = Release|Any CPU
		{9B7A1972-7EA9-4875-99E5-2FE3C45E13AB}.Release|Any CPU.Build.0 = Release|Any CPU
		{6A2C21B3-8C14-4933-9173-773C0046DA49}.Debug|Any CPU.ActiveCfg = Debug|Any CPU
		{6A2C21B3-8C14-4933-9173-773C0046DA49}.Debug|Any CPU.Build.0 = Debug|Any CPU
		{6A2C21B3-8C14-4933-9173-773C0046DA49}.Release|Any CPU.ActiveCfg = Release|Any CPU
		{6A2C21B3-8C14-4933-9173-773C0046DA49}.Release|Any CPU.Build.0 = Release|Any CPU
		{CFE42950-3D34-402F-A3D3-1CD36A991819}.Debug|Any CPU.ActiveCfg = Debug|Any CPU
		{CFE42950-3D34-402F-A3D3-1CD36A991819}.Debug|Any CPU.Build.0 = Debug|Any CPU
		{CFE42950-3D34-402F-A3D3-1CD36A991819}.Release|Any CPU.ActiveCfg = Release|Any CPU
		{CFE42950-3D34-402F-A3D3-1CD36A991819}.Release|Any CPU.Build.0 = Release|Any CPU
		{2BD2166F-C912-4E37-9BC4-09E6FB1E1EC2}.Debug|Any CPU.ActiveCfg = Debug|Any CPU
		{2BD2166F-C912-4E37-9BC4-09E6FB1E1EC2}.Debug|Any CPU.Build.0 = Debug|Any CPU
		{2BD2166F-C912-4E37-9BC4-09E6FB1E1EC2}.Release|Any CPU.ActiveCfg = Release|Any CPU
		{2BD2166F-C912-4E37-9BC4-09E6FB1E1EC2}.Release|Any CPU.Build.0 = Release|Any CPU
		{8E30BC71-B288-4B31-BD3E-155588E0FD18}.Debug|Any CPU.ActiveCfg = Debug|Any CPU
		{8E30BC71-B288-4B31-BD3E-155588E0FD18}.Debug|Any CPU.Build.0 = Debug|Any CPU
		{8E30BC71-B288-4B31-BD3E-155588E0FD18}.Release|Any CPU.ActiveCfg = Release|Any CPU
		{8E30BC71-B288-4B31-BD3E-155588E0FD18}.Release|Any CPU.Build.0 = Release|Any CPU
		{B07F162B-11A9-4444-B361-27C88492E5CC}.Debug|Any CPU.ActiveCfg = Debug|Any CPU
		{B07F162B-11A9-4444-B361-27C88492E5CC}.Debug|Any CPU.Build.0 = Debug|Any CPU
		{B07F162B-11A9-4444-B361-27C88492E5CC}.Release|Any CPU.ActiveCfg = Release|Any CPU
		{B07F162B-11A9-4444-B361-27C88492E5CC}.Release|Any CPU.Build.0 = Release|Any CPU
		{57F1EC39-8C6B-400A-8789-B94387C9C87D}.Debug|Any CPU.ActiveCfg = Debug|Any CPU
		{57F1EC39-8C6B-400A-8789-B94387C9C87D}.Debug|Any CPU.Build.0 = Debug|Any CPU
		{57F1EC39-8C6B-400A-8789-B94387C9C87D}.Release|Any CPU.ActiveCfg = Release|Any CPU
		{57F1EC39-8C6B-400A-8789-B94387C9C87D}.Release|Any CPU.Build.0 = Release|Any CPU
		{09025B7D-1604-4747-A9DD-24CFF927788F}.Debug|Any CPU.ActiveCfg = Debug|Any CPU
		{09025B7D-1604-4747-A9DD-24CFF927788F}.Debug|Any CPU.Build.0 = Debug|Any CPU
		{09025B7D-1604-4747-A9DD-24CFF927788F}.Release|Any CPU.ActiveCfg = Release|Any CPU
		{09025B7D-1604-4747-A9DD-24CFF927788F}.Release|Any CPU.Build.0 = Release|Any CPU
		{285570E3-8FE5-494E-AD2D-BC14461A7E70}.Debug|Any CPU.ActiveCfg = Debug|Any CPU
		{285570E3-8FE5-494E-AD2D-BC14461A7E70}.Debug|Any CPU.Build.0 = Debug|Any CPU
		{285570E3-8FE5-494E-AD2D-BC14461A7E70}.Release|Any CPU.ActiveCfg = Release|Any CPU
		{285570E3-8FE5-494E-AD2D-BC14461A7E70}.Release|Any CPU.Build.0 = Release|Any CPU
		{E5717061-42A7-4CF1-9517-6F91F7F1329D}.Debug|Any CPU.ActiveCfg = Debug|Any CPU
		{E5717061-42A7-4CF1-9517-6F91F7F1329D}.Debug|Any CPU.Build.0 = Debug|Any CPU
		{E5717061-42A7-4CF1-9517-6F91F7F1329D}.Release|Any CPU.ActiveCfg = Release|Any CPU
		{E5717061-42A7-4CF1-9517-6F91F7F1329D}.Release|Any CPU.Build.0 = Release|Any CPU
		{6D42AFB3-5A8F-4D8C-A8C5-1B7594488159}.Debug|Any CPU.ActiveCfg = Debug|Any CPU
		{6D42AFB3-5A8F-4D8C-A8C5-1B7594488159}.Debug|Any CPU.Build.0 = Debug|Any CPU
		{6D42AFB3-5A8F-4D8C-A8C5-1B7594488159}.Release|Any CPU.ActiveCfg = Release|Any CPU
		{6D42AFB3-5A8F-4D8C-A8C5-1B7594488159}.Release|Any CPU.Build.0 = Release|Any CPU
		{F081B8AA-B47B-4351-9720-B1C8A3FC172E}.Debug|Any CPU.ActiveCfg = Debug|Any CPU
		{F081B8AA-B47B-4351-9720-B1C8A3FC172E}.Debug|Any CPU.Build.0 = Debug|Any CPU
		{F081B8AA-B47B-4351-9720-B1C8A3FC172E}.Release|Any CPU.ActiveCfg = Release|Any CPU
		{F081B8AA-B47B-4351-9720-B1C8A3FC172E}.Release|Any CPU.Build.0 = Release|Any CPU
		{E9C0C4B4-0CA3-48A9-988F-EB35E857220A}.Debug|Any CPU.ActiveCfg = Debug|Any CPU
		{E9C0C4B4-0CA3-48A9-988F-EB35E857220A}.Debug|Any CPU.Build.0 = Debug|Any CPU
		{E9C0C4B4-0CA3-48A9-988F-EB35E857220A}.Release|Any CPU.ActiveCfg = Release|Any CPU
		{E9C0C4B4-0CA3-48A9-988F-EB35E857220A}.Release|Any CPU.Build.0 = Release|Any CPU
		{7BA1DA9A-0645-4AAA-8FE6-E1B3AD40B574}.Debug|Any CPU.ActiveCfg = Debug|Any CPU
		{7BA1DA9A-0645-4AAA-8FE6-E1B3AD40B574}.Debug|Any CPU.Build.0 = Debug|Any CPU
		{7BA1DA9A-0645-4AAA-8FE6-E1B3AD40B574}.Release|Any CPU.ActiveCfg = Release|Any CPU
		{7BA1DA9A-0645-4AAA-8FE6-E1B3AD40B574}.Release|Any CPU.Build.0 = Release|Any CPU
		{C548B3B1-0F0B-4267-BE8D-E761B7CAAB8B}.Debug|Any CPU.ActiveCfg = Debug|Any CPU
		{C548B3B1-0F0B-4267-BE8D-E761B7CAAB8B}.Debug|Any CPU.Build.0 = Debug|Any CPU
		{C548B3B1-0F0B-4267-BE8D-E761B7CAAB8B}.Release|Any CPU.ActiveCfg = Release|Any CPU
		{C548B3B1-0F0B-4267-BE8D-E761B7CAAB8B}.Release|Any CPU.Build.0 = Release|Any CPU
		{4FA6F9A6-135E-437D-B852-12EB60DC7BEA}.Debug|Any CPU.ActiveCfg = Debug|Any CPU
		{4FA6F9A6-135E-437D-B852-12EB60DC7BEA}.Debug|Any CPU.Build.0 = Debug|Any CPU
		{4FA6F9A6-135E-437D-B852-12EB60DC7BEA}.Release|Any CPU.ActiveCfg = Release|Any CPU
		{4FA6F9A6-135E-437D-B852-12EB60DC7BEA}.Release|Any CPU.Build.0 = Release|Any CPU
		{DADECBB1-5D94-4286-A3D3-4242446E817B}.Debug|Any CPU.ActiveCfg = Debug|Any CPU
		{DADECBB1-5D94-4286-A3D3-4242446E817B}.Debug|Any CPU.Build.0 = Debug|Any CPU
		{DADECBB1-5D94-4286-A3D3-4242446E817B}.Release|Any CPU.ActiveCfg = Release|Any CPU
		{DADECBB1-5D94-4286-A3D3-4242446E817B}.Release|Any CPU.Build.0 = Release|Any CPU
		{39C1574E-C424-48DA-823F-12D4E3319DCA}.Debug|Any CPU.ActiveCfg = Debug|Any CPU
		{39C1574E-C424-48DA-823F-12D4E3319DCA}.Debug|Any CPU.Build.0 = Debug|Any CPU
		{39C1574E-C424-48DA-823F-12D4E3319DCA}.Release|Any CPU.ActiveCfg = Release|Any CPU
		{39C1574E-C424-48DA-823F-12D4E3319DCA}.Release|Any CPU.Build.0 = Release|Any CPU
		{254936AF-3780-42BE-B1C2-EECCAB1F995A}.Debug|Any CPU.ActiveCfg = Debug|Any CPU
		{254936AF-3780-42BE-B1C2-EECCAB1F995A}.Debug|Any CPU.Build.0 = Debug|Any CPU
		{254936AF-3780-42BE-B1C2-EECCAB1F995A}.Release|Any CPU.ActiveCfg = Release|Any CPU
		{254936AF-3780-42BE-B1C2-EECCAB1F995A}.Release|Any CPU.Build.0 = Release|Any CPU
		{519BEBD3-366E-4386-A037-C041821884D9}.Debug|Any CPU.ActiveCfg = Debug|Any CPU
		{519BEBD3-366E-4386-A037-C041821884D9}.Debug|Any CPU.Build.0 = Debug|Any CPU
		{519BEBD3-366E-4386-A037-C041821884D9}.Release|Any CPU.ActiveCfg = Release|Any CPU
		{519BEBD3-366E-4386-A037-C041821884D9}.Release|Any CPU.Build.0 = Release|Any CPU
		{C43CA737-D220-419F-B842-4A9C74E9577D}.Debug|Any CPU.ActiveCfg = Debug|Any CPU
		{C43CA737-D220-419F-B842-4A9C74E9577D}.Debug|Any CPU.Build.0 = Debug|Any CPU
		{C43CA737-D220-419F-B842-4A9C74E9577D}.Release|Any CPU.ActiveCfg = Release|Any CPU
		{C43CA737-D220-419F-B842-4A9C74E9577D}.Release|Any CPU.Build.0 = Release|Any CPU
		{8116978F-B185-417A-9CFA-037FC1DEC810}.Debug|Any CPU.ActiveCfg = Debug|Any CPU
		{8116978F-B185-417A-9CFA-037FC1DEC810}.Debug|Any CPU.Build.0 = Debug|Any CPU
		{8116978F-B185-417A-9CFA-037FC1DEC810}.Release|Any CPU.ActiveCfg = Release|Any CPU
		{8116978F-B185-417A-9CFA-037FC1DEC810}.Release|Any CPU.Build.0 = Release|Any CPU
		{91D632EC-3CDF-4083-AF14-372D0031FDFD}.Debug|Any CPU.ActiveCfg = Debug|Any CPU
		{91D632EC-3CDF-4083-AF14-372D0031FDFD}.Debug|Any CPU.Build.0 = Debug|Any CPU
		{91D632EC-3CDF-4083-AF14-372D0031FDFD}.Release|Any CPU.ActiveCfg = Release|Any CPU
		{91D632EC-3CDF-4083-AF14-372D0031FDFD}.Release|Any CPU.Build.0 = Release|Any CPU
	EndGlobalSection
	GlobalSection(SolutionProperties) = preSolution
		HideSolutionNode = FALSE
	EndGlobalSection
	GlobalSection(ExtensibilityGlobals) = postSolution
		SolutionGuid = {2A530F9D-1682-4C17-B707-52D25F326FC3}
	EndGlobalSection
EndGlobal
