
Microsoft Visual Studio Solution File, Format Version 12.00
# Visual Studio Version 17
VisualStudioVersion = 17.0.32014.148
MinimumVisualStudioVersion = 10.0.40219.1
Project("{9A19103F-16F7-4668-BE54-9A1E7A4F7556}") = "NC75", "NC75\NC75.csproj", "{A98AEBF3-D4B0-4F6A-9869-426445B7A441}"
EndProject
Project("{9A19103F-16F7-4668-BE54-9A1E7A4F7556}") = "NC103", "NC103\NC103.csproj", "{E2BDFFD9-B9FC-4E9F-A508-4C40C60B60AA}"
EndProject
Project("{9A19103F-16F7-4668-BE54-9A1E7A4F7556}") = "NC65", "NC65\NC65.csproj", "{3EDDF405-3B7F-4B0C-8F1E-17F94E09661E}"
EndProject
Project("{9A19103F-16F7-4668-BE54-9A1E7A4F7556}") = "NC141", "NC141\NC141.csproj", "{7AB6D9FF-0F1D-4EE3-AF1A-4667FB0B1907}"
EndProject
Project("{9A19103F-16F7-4668-BE54-9A1E7A4F7556}") = "NC38", "NC38\NC38.csproj", "{03BAC832-D187-4C60-B630-359BA8B8416C}"
EndProject
Project("{9A19103F-16F7-4668-BE54-9A1E7A4F7556}") = "NC151", "NC151\NC151.csproj", "{729C0321-EC78-4BDD-AA8D-8F95DE9D7BC3}"
EndProject
Project("{9A19103F-16F7-4668-BE54-9A1E7A4F7556}") = "NC78", "NC78\NC78.csproj", "{FE9B483A-9C72-4E85-9530-8FD54DF29103}"
EndProject
Project("{9A19103F-16F7-4668-BE54-9A1E7A4F7556}") = "NC22", "NC22\NC22.csproj", "{B36BF0FC-F735-4D5B-A6E7-69D9D16360E1}"
EndProject
Project("{9A19103F-16F7-4668-BE54-9A1E7A4F7556}") = "NC1", "NC1\NC1.csproj", "{3885C3F2-5CE3-4792-BF94-25A95F9FE00D}"
EndProject
Project("{9A19103F-16F7-4668-BE54-9A1E7A4F7556}") = "NC298", "NC298\NC298.csproj", "{8313F461-8153-4D36-AD21-C9BEA3615D5B}"
EndProject
Project("{9A19103F-16F7-4668-BE54-9A1E7A4F7556}") = "NC288", "NC288\NC288.csproj", "{9B7A1972-7EA9-4875-99E5-2FE3C45E13AB}"
EndProject
Project("{9A19103F-16F7-4668-BE54-9A1E7A4F7556}") = "NC32", "NC32\NC32.csproj", "{6A2C21B3-8C14-4933-9173-773C0046DA49}"
EndProject
Project("{9A19103F-16F7-4668-BE54-9A1E7A4F7556}") = "NC200", "NC200\NC200.csproj", "{CFE42950-3D34-402F-A3D3-1CD36A991819}"
EndProject
Project("{9A19103F-16F7-4668-BE54-9A1E7A4F7556}") = "NC305", "NC305\NC305.csproj", "{2BD2166F-C912-4E37-9BC4-09E6FB1E1EC2}"
EndProject
Project("{FAE04EC0-301F-11D3-BF4B-00C04F79EFBC}") = "NC229", "NC229\NC229.csproj", "{8E30BC71-B288-4B31-BD3E-155588E0FD18}"
EndProject
Global
	GlobalSection(SolutionConfigurationPlatforms) = preSolution
		Debug|Any CPU = Debug|Any CPU
		Release|Any CPU = Release|Any CPU
	EndGlobalSection
	GlobalSection(ProjectConfigurationPlatforms) = postSolution
		{A98AEBF3-D4B0-4F6A-9869-426445B7A441}.Debug|Any CPU.ActiveCfg = Debug|Any CPU
		{A98AEBF3-D4B0-4F6A-9869-426445B7A441}.Debug|Any CPU.Build.0 = Debug|Any CPU
		{A98AEBF3-D4B0-4F6A-9869-426445B7A441}.Release|Any CPU.ActiveCfg = Release|Any CPU
		{A98AEBF3-D4B0-4F6A-9869-426445B7A441}.Release|Any CPU.Build.0 = Release|Any CPU
		{E2BDFFD9-B9FC-4E9F-A508-4C40C60B60AA}.Debug|Any CPU.ActiveCfg = Debug|Any CPU
		{E2BDFFD9-B9FC-4E9F-A508-4C40C60B60AA}.Debug|Any CPU.Build.0 = Debug|Any CPU
		{E2BDFFD9-B9FC-4E9F-A508-4C40C60B60AA}.Release|Any CPU.ActiveCfg = Release|Any CPU
		{E2BDFFD9-B9FC-4E9F-A508-4C40C60B60AA}.Release|Any CPU.Build.0 = Release|Any CPU
		{3EDDF405-3B7F-4B0C-8F1E-17F94E09661E}.Debug|Any CPU.ActiveCfg = Debug|Any CPU
		{3EDDF405-3B7F-4B0C-8F1E-17F94E09661E}.Debug|Any CPU.Build.0 = Debug|Any CPU
		{3EDDF405-3B7F-4B0C-8F1E-17F94E09661E}.Release|Any CPU.ActiveCfg = Release|Any CPU
		{3EDDF405-3B7F-4B0C-8F1E-17F94E09661E}.Release|Any CPU.Build.0 = Release|Any CPU
		{7AB6D9FF-0F1D-4EE3-AF1A-4667FB0B1907}.Debug|Any CPU.ActiveCfg = Debug|Any CPU
		{7AB6D9FF-0F1D-4EE3-AF1A-4667FB0B1907}.Debug|Any CPU.Build.0 = Debug|Any CPU
		{7AB6D9FF-0F1D-4EE3-AF1A-4667FB0B1907}.Release|Any CPU.ActiveCfg = Release|Any CPU
		{7AB6D9FF-0F1D-4EE3-AF1A-4667FB0B1907}.Release|Any CPU.Build.0 = Release|Any CPU
		{03BAC832-D187-4C60-B630-359BA8B8416C}.Debug|Any CPU.ActiveCfg = Debug|Any CPU
		{03BAC832-D187-4C60-B630-359BA8B8416C}.Debug|Any CPU.Build.0 = Debug|Any CPU
		{03BAC832-D187-4C60-B630-359BA8B8416C}.Release|Any CPU.ActiveCfg = Release|Any CPU
		{03BAC832-D187-4C60-B630-359BA8B8416C}.Release|Any CPU.Build.0 = Release|Any CPU
		{729C0321-EC78-4BDD-AA8D-8F95DE9D7BC3}.Debug|Any CPU.ActiveCfg = Debug|Any CPU
		{729C0321-EC78-4BDD-AA8D-8F95DE9D7BC3}.Debug|Any CPU.Build.0 = Debug|Any CPU
		{729C0321-EC78-4BDD-AA8D-8F95DE9D7BC3}.Release|Any CPU.ActiveCfg = Release|Any CPU
		{729C0321-EC78-4BDD-AA8D-8F95DE9D7BC3}.Release|Any CPU.Build.0 = Release|Any CPU
		{FE9B483A-9C72-4E85-9530-8FD54DF29103}.Debug|Any CPU.ActiveCfg = Debug|Any CPU
		{FE9B483A-9C72-4E85-9530-8FD54DF29103}.Debug|Any CPU.Build.0 = Debug|Any CPU
		{FE9B483A-9C72-4E85-9530-8FD54DF29103}.Release|Any CPU.ActiveCfg = Release|Any CPU
		{FE9B483A-9C72-4E85-9530-8FD54DF29103}.Release|Any CPU.Build.0 = Release|Any CPU
		{B36BF0FC-F735-4D5B-A6E7-69D9D16360E1}.Debug|Any CPU.ActiveCfg = Debug|Any CPU
		{B36BF0FC-F735-4D5B-A6E7-69D9D16360E1}.Debug|Any CPU.Build.0 = Debug|Any CPU
		{B36BF0FC-F735-4D5B-A6E7-69D9D16360E1}.Release|Any CPU.ActiveCfg = Release|Any CPU
		{B36BF0FC-F735-4D5B-A6E7-69D9D16360E1}.Release|Any CPU.Build.0 = Release|Any CPU
		{3885C3F2-5CE3-4792-BF94-25A95F9FE00D}.Debug|Any CPU.ActiveCfg = Debug|Any CPU
		{3885C3F2-5CE3-4792-BF94-25A95F9FE00D}.Debug|Any CPU.Build.0 = Debug|Any CPU
		{3885C3F2-5CE3-4792-BF94-25A95F9FE00D}.Release|Any CPU.ActiveCfg = Release|Any CPU
		{3885C3F2-5CE3-4792-BF94-25A95F9FE00D}.Release|Any CPU.Build.0 = Release|Any CPU
		{8313F461-8153-4D36-AD21-C9BEA3615D5B}.Debug|Any CPU.ActiveCfg = Debug|Any CPU
		{8313F461-8153-4D36-AD21-C9BEA3615D5B}.Debug|Any CPU.Build.0 = Debug|Any CPU
		{8313F461-8153-4D36-AD21-C9BEA3615D5B}.Release|Any CPU.ActiveCfg = Release|Any CPU
		{8313F461-8153-4D36-AD21-C9BEA3615D5B}.Release|Any CPU.Build.0 = Release|Any CPU
		{9B7A1972-7EA9-4875-99E5-2FE3C45E13AB}.Debug|Any CPU.ActiveCfg = Debug|Any CPU
		{9B7A1972-7EA9-4875-99E5-2FE3C45E13AB}.Debug|Any CPU.Build.0 = Debug|Any CPU
		{9B7A1972-7EA9-4875-99E5-2FE3C45E13AB}.Release|Any CPU.ActiveCfg = Release|Any CPU
		{9B7A1972-7EA9-4875-99E5-2FE3C45E13AB}.Release|Any CPU.Build.0 = Release|Any CPU
		{6A2C21B3-8C14-4933-9173-773C0046DA49}.Debug|Any CPU.ActiveCfg = Debug|Any CPU
		{6A2C21B3-8C14-4933-9173-773C0046DA49}.Debug|Any CPU.Build.0 = Debug|Any CPU
		{6A2C21B3-8C14-4933-9173-773C0046DA49}.Release|Any CPU.ActiveCfg = Release|Any CPU
		{6A2C21B3-8C14-4933-9173-773C0046DA49}.Release|Any CPU.Build.0 = Release|Any CPU
		{CFE42950-3D34-402F-A3D3-1CD36A991819}.Debug|Any CPU.ActiveCfg = Debug|Any CPU
		{CFE42950-3D34-402F-A3D3-1CD36A991819}.Debug|Any CPU.Build.0 = Debug|Any CPU
		{CFE42950-3D34-402F-A3D3-1CD36A991819}.Release|Any CPU.ActiveCfg = Release|Any CPU
		{CFE42950-3D34-402F-A3D3-1CD36A991819}.Release|Any CPU.Build.0 = Release|Any CPU
		{2BD2166F-C912-4E37-9BC4-09E6FB1E1EC2}.Debug|Any CPU.ActiveCfg = Debug|Any CPU
		{2BD2166F-C912-4E37-9BC4-09E6FB1E1EC2}.Debug|Any CPU.Build.0 = Debug|Any CPU
		{2BD2166F-C912-4E37-9BC4-09E6FB1E1EC2}.Release|Any CPU.ActiveCfg = Release|Any CPU
		{2BD2166F-C912-4E37-9BC4-09E6FB1E1EC2}.Release|Any CPU.Build.0 = Release|Any CPU
		{8E30BC71-B288-4B31-BD3E-155588E0FD18}.Debug|Any CPU.ActiveCfg = Debug|Any CPU
		{8E30BC71-B288-4B31-BD3E-155588E0FD18}.Debug|Any CPU.Build.0 = Debug|Any CPU
		{8E30BC71-B288-4B31-BD3E-155588E0FD18}.Release|Any CPU.ActiveCfg = Release|Any CPU
		{8E30BC71-B288-4B31-BD3E-155588E0FD18}.Release|Any CPU.Build.0 = Release|Any CPU
	EndGlobalSection
	GlobalSection(SolutionProperties) = preSolution
		HideSolutionNode = FALSE
	EndGlobalSection
	GlobalSection(ExtensibilityGlobals) = postSolution
		SolutionGuid = {2A530F9D-1682-4C17-B707-52D25F326FC3}
	EndGlobalSection
EndGlobal
